
Microsoft Visual Studio Solution File, Format Version 12.00
# Visual Studio Version 17
VisualStudioVersion = 17.11.35312.102
MinimumVisualStudioVersion = 10.0.40219.1
Project("{FAE04EC0-301F-11D3-BF4B-00C04F79EFBC}") = "Biblioteca-Web", "Biblioteca-Web.csproj", "{E85BB4E6-EEA3-4529-8A5A-A54E9394C85A}"
EndProject
Global
	GlobalSection(SolutionConfigurationPlatforms) = preSolution
		Debug|Any CPU = Debug|Any CPU
		Release|Any CPU = Release|Any CPU
	EndGlobalSection
	GlobalSection(ProjectConfigurationPlatforms) = postSolution
		{E85BB4E6-EEA3-4529-8A5A-A54E9394C85A}.Debug|Any CPU.ActiveCfg = Debug|Any CPU
		{E85BB4E6-EEA3-4529-8A5A-A54E9394C85A}.Debug|Any CPU.Build.0 = Debug|Any CPU
		{E85BB4E6-EEA3-4529-8A5A-A54E9394C85A}.Release|Any CPU.ActiveCfg = Release|Any CPU
		{E85BB4E6-EEA3-4529-8A5A-A54E9394C85A}.Release|Any CPU.Build.0 = Release|Any CPU
	EndGlobalSection
	GlobalSection(SolutionProperties) = preSolution
		HideSolutionNode = FALSE
	EndGlobalSection
	GlobalSection(ExtensibilityGlobals) = postSolution
		SolutionGuid = {445BB113-F3E8-4849-99A1-331E3F6CCDEB}
	EndGlobalSection
EndGlobal
